{
  "name": "tcbRouter",
  "version": "1.0.0",
  "lockfileVersion": 1,
  "requires": true,
  "dependencies": {
    "tcb-router": {
      "version": "1.1.2",
      "resolved": "https://registry.npmjs.org/tcb-router/-/tcb-router-1.1.2.tgz",
      "integrity": "sha512-VB+83paVdYG0LWaodh73JUy660te2oleM5gETslbCHLnhTtgXXYfAR0dlHBU5dIhhH47V1nKp43lZUo6Xm9O4g=="
    }
  }
}
